
Microsoft Visual Studio Solution File, Format Version 12.00
# Visual Studio Version 16
VisualStudioVersion = 16.0.29102.190
MinimumVisualStudioVersion = 10.0.40219.1
Project("{FAE04EC0-301F-11D3-BF4B-00C04F79EFBC}") = "MVVM_Cross", "MVVM_Cross\MVVM_Cross.csproj", "{B7F0AB67-D912-470B-B6A9-2296C4C69450}"
EndProject
Project("{FAE04EC0-301F-11D3-BF4B-00C04F79EFBC}") = "CrossCore", "CrossCore\CrossCore.csproj", "{4369F7E1-0BF5-4AC0-A4C6-2D93AE131DB1}"
EndProject
Global
	GlobalSection(SolutionConfigurationPlatforms) = preSolution
		Debug|Any CPU = Debug|Any CPU
		Release|Any CPU = Release|Any CPU
	EndGlobalSection
	GlobalSection(ProjectConfigurationPlatforms) = postSolution
		{B7F0AB67-D912-470B-B6A9-2296C4C69450}.Debug|Any CPU.ActiveCfg = Debug|Any CPU
		{B7F0AB67-D912-470B-B6A9-2296C4C69450}.Debug|Any CPU.Build.0 = Debug|Any CPU
		{B7F0AB67-D912-470B-B6A9-2296C4C69450}.Release|Any CPU.ActiveCfg = Release|Any CPU
		{B7F0AB67-D912-470B-B6A9-2296C4C69450}.Release|Any CPU.Build.0 = Release|Any CPU
		{4369F7E1-0BF5-4AC0-A4C6-2D93AE131DB1}.Debug|Any CPU.ActiveCfg = Debug|Any CPU
		{4369F7E1-0BF5-4AC0-A4C6-2D93AE131DB1}.Debug|Any CPU.Build.0 = Debug|Any CPU
		{4369F7E1-0BF5-4AC0-A4C6-2D93AE131DB1}.Release|Any CPU.ActiveCfg = Release|Any CPU
		{4369F7E1-0BF5-4AC0-A4C6-2D93AE131DB1}.Release|Any CPU.Build.0 = Release|Any CPU
	EndGlobalSection
	GlobalSection(SolutionProperties) = preSolution
		HideSolutionNode = FALSE
	EndGlobalSection
	GlobalSection(ExtensibilityGlobals) = postSolution
		SolutionGuid = {E216A72F-09FE-4884-A6E8-794D6C5C9CB0}
	EndGlobalSection
EndGlobal
